
Microsoft Visual Studio Solution File, Format Version 12.00
Project("{FAE04EC0-301F-11D3-BF4B-00C04F79EFBC}") = "Calculator_App", "Calculator_App\Calculator_App.csproj", "{45ED31BB-1AD0-42B3-BF35-C5F74F3F353A}"
EndProject
Project("{FAE04EC0-301F-11D3-BF4B-00C04F79EFBC}") = "CalculatorEngineUnitTest", "CalculatorEngineUnitTest\CalculatorEngineUnitTest.csproj", "{3517CFE1-5037-4F15-B96E-01573CBCEEB1}"
EndProject
Project("{FAE04EC0-301F-11D3-BF4B-00C04F79EFBC}") = "CalculatorEngine", "CalculatorEngine\CalculatorEngine.csproj", "{F3236E85-05E0-4B25-B680-E81FCB230469}"
EndProject
Project("{2150E333-8FDC-42A3-9474-1A3956D46DE8}") = "src", "src", "{303BACD3-22D9-455E-A8BA-EB8D553C4A91}"
EndProject
Global
	GlobalSection(SolutionConfigurationPlatforms) = preSolution
		Debug|Any CPU = Debug|Any CPU
		Release|Any CPU = Release|Any CPU
	EndGlobalSection
	GlobalSection(ProjectConfigurationPlatforms) = postSolution
		{45ED31BB-1AD0-42B3-BF35-C5F74F3F353A}.Debug|Any CPU.ActiveCfg = Debug|Any CPU
		{45ED31BB-1AD0-42B3-BF35-C5F74F3F353A}.Debug|Any CPU.Build.0 = Debug|Any CPU
		{45ED31BB-1AD0-42B3-BF35-C5F74F3F353A}.Release|Any CPU.ActiveCfg = Release|Any CPU
		{45ED31BB-1AD0-42B3-BF35-C5F74F3F353A}.Release|Any CPU.Build.0 = Release|Any CPU
		{3517CFE1-5037-4F15-B96E-01573CBCEEB1}.Debug|Any CPU.ActiveCfg = Debug|Any CPU
		{3517CFE1-5037-4F15-B96E-01573CBCEEB1}.Debug|Any CPU.Build.0 = Debug|Any CPU
		{3517CFE1-5037-4F15-B96E-01573CBCEEB1}.Release|Any CPU.ActiveCfg = Release|Any CPU
		{3517CFE1-5037-4F15-B96E-01573CBCEEB1}.Release|Any CPU.Build.0 = Release|Any CPU
		{F3236E85-05E0-4B25-B680-E81FCB230469}.Debug|Any CPU.ActiveCfg = Debug|Any CPU
		{F3236E85-05E0-4B25-B680-E81FCB230469}.Debug|Any CPU.Build.0 = Debug|Any CPU
		{F3236E85-05E0-4B25-B680-E81FCB230469}.Release|Any CPU.ActiveCfg = Release|Any CPU
		{F3236E85-05E0-4B25-B680-E81FCB230469}.Release|Any CPU.Build.0 = Release|Any CPU
	EndGlobalSection
	GlobalSection(NestedProjects) = preSolution
		{45ED31BB-1AD0-42B3-BF35-C5F74F3F353A} = {303BACD3-22D9-455E-A8BA-EB8D553C4A91}
		{F3236E85-05E0-4B25-B680-E81FCB230469} = {303BACD3-22D9-455E-A8BA-EB8D553C4A91}
		{3517CFE1-5037-4F15-B96E-01573CBCEEB1} = {303BACD3-22D9-455E-A8BA-EB8D553C4A91}
	EndGlobalSection
EndGlobal
